// !$*UTF8*$!
{
	archiveVersion = 1;
	classes = {
	};
	objectVersion = 55;
	objects = {

/* Begin PBXBuildFile section */
		38DF175F28410362003AF71C /* AppDelegate.swift in Sources */ = {isa = PBXBuildFile; fileRef = 38DF175E28410362003AF71C /* AppDelegate.swift */; };
		38DF176128410362003AF71C /* SceneDelegate.swift in Sources */ = {isa = PBXBuildFile; fileRef = 38DF176028410362003AF71C /* SceneDelegate.swift */; };
		38DF176828410363003AF71C /* Assets.xcassets in Resources */ = {isa = PBXBuildFile; fileRef = 38DF176728410363003AF71C /* Assets.xcassets */; };
		38DF176B28410363003AF71C /* LaunchScreen.storyboard in Resources */ = {isa = PBXBuildFile; fileRef = 38DF176928410363003AF71C /* LaunchScreen.storyboard */; };
		38DF177428410505003AF71C /* AVFoundation.framework in Frameworks */ = {isa = PBXBuildFile; fileRef = 38DF177328410505003AF71C /* AVFoundation.framework */; };
		38DF17762841051A003AF71C /* HomeViewController.swift in Sources */ = {isa = PBXBuildFile; fileRef = 38DF17752841051A003AF71C /* HomeViewController.swift */; };
		38DF1788284146B1003AF71C /* Island Life - Atomic Drum Assembly.mp3 in Resources */ = {isa = PBXBuildFile; fileRef = 38DF1787284146B1003AF71C /* Island Life - Atomic Drum Assembly.mp3 */; };
		38DF178A28414B96003AF71C /* Music.swift in Sources */ = {isa = PBXBuildFile; fileRef = 38DF178928414B96003AF71C /* Music.swift */; };
		38DF178C28414C29003AF71C /* QueueViewController.swift in Sources */ = {isa = PBXBuildFile; fileRef = 38DF178B28414C29003AF71C /* QueueViewController.swift */; };
		38DF178E2841505B003AF71C /* Purusha - NVDES.mp3 in Resources */ = {isa = PBXBuildFile; fileRef = 38DF178D2841505A003AF71C /* Purusha - NVDES.mp3 */; };
		38DF1790284150D0003AF71C /* Overtime - Cash Cash.mp3 in Resources */ = {isa = PBXBuildFile; fileRef = 38DF178F284150D0003AF71C /* Overtime - Cash Cash.mp3 */; };
		38DF1793284192DA003AF71C /* Kingfisher in Frameworks */ = {isa = PBXBuildFile; productRef = 38DF1792284192DA003AF71C /* Kingfisher */; };
		38DF179B2841B8D3003AF71C /* Chimes - Hudson Mohawke.mp3 in Resources */ = {isa = PBXBuildFile; fileRef = 38DF17992841B8D3003AF71C /* Chimes - Hudson Mohawke.mp3 */; };
		38DF179C2841B8D3003AF71C /* Poison - Martin Garrix.mp3 in Resources */ = {isa = PBXBuildFile; fileRef = 38DF179A2841B8D3003AF71C /* Poison - Martin Garrix.mp3 */; };
/* End PBXBuildFile section */

/* Begin PBXFileReference section */
		38DF175B28410362003AF71C /* Music.app */ = {isa = PBXFileReference; explicitFileType = wrapper.application; includeInIndex = 0; path = Music.app; sourceTree = BUILT_PRODUCTS_DIR; };
		38DF175E28410362003AF71C /* AppDelegate.swift */ = {isa = PBXFileReference; lastKnownFileType = sourcecode.swift; path = AppDelegate.swift; sourceTree = "<group>"; };
		38DF176028410362003AF71C /* SceneDelegate.swift */ = {isa = PBXFileReference; lastKnownFileType = sourcecode.swift; path = SceneDelegate.swift; sourceTree = "<group>"; };
		38DF176728410363003AF71C /* Assets.xcassets */ = {isa = PBXFileReference; lastKnownFileType = folder.assetcatalog; path = Assets.xcassets; sourceTree = "<group>"; };
		38DF176A28410363003AF71C /* Base */ = {isa = PBXFileReference; lastKnownFileType = file.storyboard; name = Base; path = Base.lproj/LaunchScreen.storyboard; sourceTree = "<group>"; };
		38DF176C28410363003AF71C /* Info.plist */ = {isa = PBXFileReference; lastKnownFileType = text.plist.xml; path = Info.plist; sourceTree = "<group>"; };
		38DF177328410505003AF71C /* AVFoundation.framework */ = {isa = PBXFileReference; lastKnownFileType = wrapper.framework; name = AVFoundation.framework; path = System/Library/Frameworks/AVFoundation.framework; sourceTree = SDKROOT; };
		38DF17752841051A003AF71C /* HomeViewController.swift */ = {isa = PBXFileReference; lastKnownFileType = sourcecode.swift; path = HomeViewController.swift; sourceTree = "<group>"; };
		38DF1787284146B1003AF71C /* Island Life - Atomic Drum Assembly.mp3 */ = {isa = PBXFileReference; lastKnownFileType = audio.mp3; path = "Island Life - Atomic Drum Assembly.mp3"; sourceTree = "<group>"; };
		38DF178928414B96003AF71C /* Music.swift */ = {isa = PBXFileReference; lastKnownFileType = sourcecode.swift; path = Music.swift; sourceTree = "<group>"; };
		38DF178B28414C29003AF71C /* QueueViewController.swift */ = {isa = PBXFileReference; lastKnownFileType = sourcecode.swift; path = QueueViewController.swift; sourceTree = "<group>"; };
		38DF178D2841505A003AF71C /* Purusha - NVDES.mp3 */ = {isa = PBXFileReference; lastKnownFileType = audio.mp3; path = "Purusha - NVDES.mp3"; sourceTree = "<group>"; };
		38DF178F284150D0003AF71C /* Overtime - Cash Cash.mp3 */ = {isa = PBXFileReference; lastKnownFileType = audio.mp3; path = "Overtime - Cash Cash.mp3"; sourceTree = "<group>"; };
		38DF17992841B8D3003AF71C /* Chimes - Hudson Mohawke.mp3 */ = {isa = PBXFileReference; lastKnownFileType = audio.mp3; path = "Chimes - Hudson Mohawke.mp3"; sourceTree = "<group>"; };
		38DF179A2841B8D3003AF71C /* Poison - Martin Garrix.mp3 */ = {isa = PBXFileReference; lastKnownFileType = audio.mp3; path = "Poison - Martin Garrix.mp3"; sourceTree = "<group>"; };
/* End PBXFileReference section */

/* Begin PBXFrameworksBuildPhase section */
		38DF175828410362003AF71C /* Frameworks */ = {
			isa = PBXFrameworksBuildPhase;
			buildActionMask = 2147483647;
			files = (
				38DF1793284192DA003AF71C /* Kingfisher in Frameworks */,
				38DF177428410505003AF71C /* AVFoundation.framework in Frameworks */,
			);
			runOnlyForDeploymentPostprocessing = 0;
		};
/* End PBXFrameworksBuildPhase section */

/* Begin PBXGroup section */
		38DF175228410362003AF71C = {
			isa = PBXGroup;
			children = (
				38DF175D28410362003AF71C /* Music */,
				38DF175C28410362003AF71C /* Products */,
				38DF177228410505003AF71C /* Frameworks */,
			);
			sourceTree = "<group>";
		};
		38DF175C28410362003AF71C /* Products */ = {
			isa = PBXGroup;
			children = (
				38DF175B28410362003AF71C /* Music.app */,
			);
			name = Products;
			sourceTree = "<group>";
		};
		38DF175D28410362003AF71C /* Music */ = {
			isa = PBXGroup;
			children = (
				38DF176C28410363003AF71C /* Info.plist */,
				38DF17972841A079003AF71C /* Resource */,
				38DF17962841A05A003AF71C /* PresentationLayer */,
				38DF17952841A02C003AF71C /* App */,
				38DF17942841A019003AF71C /* DataLayer */,
			);
			path = Music;
			sourceTree = "<group>";
		};
		38DF177228410505003AF71C /* Frameworks */ = {
			isa = PBXGroup;
			children = (
				38DF177328410505003AF71C /* AVFoundation.framework */,
			);
			name = Frameworks;
			sourceTree = "<group>";
		};
		38DF17942841A019003AF71C /* DataLayer */ = {
			isa = PBXGroup;
			children = (
				38DF178928414B96003AF71C /* Music.swift */,
			);
			path = DataLayer;
			sourceTree = "<group>";
		};
		38DF17952841A02C003AF71C /* App */ = {
			isa = PBXGroup;
			children = (
				38DF175E28410362003AF71C /* AppDelegate.swift */,
				38DF176028410362003AF71C /* SceneDelegate.swift */,
			);
			path = App;
			sourceTree = "<group>";
		};
		38DF17962841A05A003AF71C /* PresentationLayer */ = {
			isa = PBXGroup;
			children = (
				38DF17752841051A003AF71C /* HomeViewController.swift */,
				38DF178B28414C29003AF71C /* QueueViewController.swift */,
			);
			path = PresentationLayer;
			sourceTree = "<group>";
		};
		38DF17972841A079003AF71C /* Resource */ = {
			isa = PBXGroup;
			children = (
				38DF17982841A08D003AF71C /* Music */,
				38DF176728410363003AF71C /* Assets.xcassets */,
				38DF176928410363003AF71C /* LaunchScreen.storyboard */,
			);
			path = Resource;
			sourceTree = "<group>";
		};
		38DF17982841A08D003AF71C /* Music */ = {
			isa = PBXGroup;
			children = (
				38DF1787284146B1003AF71C /* Island Life - Atomic Drum Assembly.mp3 */,
				38DF178D2841505A003AF71C /* Purusha - NVDES.mp3 */,
				38DF178F284150D0003AF71C /* Overtime - Cash Cash.mp3 */,
				38DF17992841B8D3003AF71C /* Chimes - Hudson Mohawke.mp3 */,
				38DF179A2841B8D3003AF71C /* Poison - Martin Garrix.mp3 */,
			);
			path = Music;
			sourceTree = "<group>";
		};
/* End PBXGroup section */

/* Begin PBXNativeTarget section */
		38DF175A28410362003AF71C /* Music */ = {
			isa = PBXNativeTarget;
			buildConfigurationList = 38DF176F28410363003AF71C /* Build configuration list for PBXNativeTarget "Music" */;
			buildPhases = (
				38DF175728410362003AF71C /* Sources */,
				38DF175828410362003AF71C /* Frameworks */,
				38DF175928410362003AF71C /* Resources */,
			);
			buildRules = (
			);
			dependencies = (
			);
			name = Music;
			packageProductDependencies = (
				38DF1792284192DA003AF71C /* Kingfisher */,
			);
			productName = Music;
			productReference = 38DF175B28410362003AF71C /* Music.app */;
			productType = "com.apple.product-type.application";
		};
/* End PBXNativeTarget section */

/* Begin PBXProject section */
		38DF175328410362003AF71C /* Project object */ = {
			isa = PBXProject;
			attributes = {
				BuildIndependentTargetsInParallel = 1;
				LastSwiftUpdateCheck = 1340;
				LastUpgradeCheck = 1340;
				TargetAttributes = {
					38DF175A28410362003AF71C = {
						CreatedOnToolsVersion = 13.4;
					};
				};
			};
			buildConfigurationList = 38DF175628410362003AF71C /* Build configuration list for PBXProject "Music" */;
			compatibilityVersion = "Xcode 13.0";
			developmentRegion = en;
			hasScannedForEncodings = 0;
			knownRegions = (
				en,
				Base,
			);
			mainGroup = 38DF175228410362003AF71C;
			packageReferences = (
				38DF1791284192DA003AF71C /* XCRemoteSwiftPackageReference "Kingfisher" */,
			);
			productRefGroup = 38DF175C28410362003AF71C /* Products */;
			projectDirPath = "";
			projectRoot = "";
			targets = (
				38DF175A28410362003AF71C /* Music */,
			);
		};
/* End PBXProject section */

/* Begin PBXResourcesBuildPhase section */
		38DF175928410362003AF71C /* Resources */ = {
			isa = PBXResourcesBuildPhase;
			buildActionMask = 2147483647;
			files = (
				38DF179C2841B8D3003AF71C /* Poison - Martin Garrix.mp3 in Resources */,
				38DF179B2841B8D3003AF71C /* Chimes - Hudson Mohawke.mp3 in Resources */,
				38DF1790284150D0003AF71C /* Overtime - Cash Cash.mp3 in Resources */,
				38DF176B28410363003AF71C /* LaunchScreen.storyboard in Resources */,
				38DF178E2841505B003AF71C /* Purusha - NVDES.mp3 in Resources */,
				38DF1788284146B1003AF71C /* Island Life - Atomic Drum Assembly.mp3 in Resources */,
				38DF176828410363003AF71C /* Assets.xcassets in Resources */,
			);
			runOnlyForDeploymentPostprocessing = 0;
		};
/* End PBXResourcesBuildPhase section */

/* Begin PBXSourcesBuildPhase section */
		38DF175728410362003AF71C /* Sources */ = {
			isa = PBXSourcesBuildPhase;
			buildActionMask = 2147483647;
			files = (
				38DF178C28414C29003AF71C /* QueueViewController.swift in Sources */,
				38DF175F28410362003AF71C /* AppDelegate.swift in Sources */,
				38DF176128410362003AF71C /* SceneDelegate.swift in Sources */,
				38DF17762841051A003AF71C /* HomeViewController.swift in Sources */,
				38DF178A28414B96003AF71C /* Music.swift in Sources */,
			);
			runOnlyForDeploymentPostprocessing = 0;
		};
/* End PBXSourcesBuildPhase section */

/* Begin PBXVariantGroup section */
		38DF176928410363003AF71C /* LaunchScreen.storyboard */ = {
			isa = PBXVariantGroup;
			children = (
				38DF176A28410363003AF71C /* Base */,
			);
			name = LaunchScreen.storyboard;
			sourceTree = "<group>";
		};
/* End PBXVariantGroup section */

/* Begin XCBuildConfiguration section */
		38DF176D28410363003AF71C /* Debug */ = {
			isa = XCBuildConfiguration;
			buildSettings = {
				ALWAYS_SEARCH_USER_PATHS = NO;
				CLANG_ANALYZER_NONNULL = YES;
				CLANG_ANALYZER_NUMBER_OBJECT_CONVERSION = YES_AGGRESSIVE;
				CLANG_CXX_LANGUAGE_STANDARD = "gnu++17";
				CLANG_ENABLE_MODULES = YES;
				CLANG_ENABLE_OBJC_ARC = YES;
				CLANG_ENABLE_OBJC_WEAK = YES;
				CLANG_WARN_BLOCK_CAPTURE_AUTORELEASING = YES;
				CLANG_WARN_BOOL_CONVERSION = YES;
				CLANG_WARN_COMMA = YES;
				CLANG_WARN_CONSTANT_CONVERSION = YES;
				CLANG_WARN_DEPRECATED_OBJC_IMPLEMENTATIONS = YES;
				CLANG_WARN_DIRECT_OBJC_ISA_USAGE = YES_ERROR;
				CLANG_WARN_DOCUMENTATION_COMMENTS = YES;
				CLANG_WARN_EMPTY_BODY = YES;
				CLANG_WARN_ENUM_CONVERSION = YES;
				CLANG_WARN_INFINITE_RECURSION = YES;
				CLANG_WARN_INT_CONVERSION = YES;
				CLANG_WARN_NON_LITERAL_NULL_CONVERSION = YES;
				CLANG_WARN_OBJC_IMPLICIT_RETAIN_SELF = YES;
				CLANG_WARN_OBJC_LITERAL_CONVERSION = YES;
				CLANG_WARN_OBJC_ROOT_CLASS = YES_ERROR;
				CLANG_WARN_QUOTED_INCLUDE_IN_FRAMEWORK_HEADER = YES;
				CLANG_WARN_RANGE_LOOP_ANALYSIS = YES;
				CLANG_WARN_STRICT_PROTOTYPES = YES;
				CLANG_WARN_SUSPICIOUS_MOVE = YES;
				CLANG_WARN_UNGUARDED_AVAILABILITY = YES_AGGRESSIVE;
				CLANG_WARN_UNREACHABLE_CODE = YES;
				CLANG_WARN__DUPLICATE_METHOD_MATCH = YES;
				COPY_PHASE_STRIP = NO;
				DEBUG_INFORMATION_FORMAT = dwarf;
				ENABLE_STRICT_OBJC_MSGSEND = YES;
				ENABLE_TESTABILITY = YES;
				GCC_C_LANGUAGE_STANDARD = gnu11;
				GCC_DYNAMIC_NO_PIC = NO;
				GCC_NO_COMMON_BLOCKS = YES;
				GCC_OPTIMIZATION_LEVEL = 0;
				GCC_PREPROCESSOR_DEFINITIONS = (
					"DEBUG=1",
					"$(inherited)",
				);
				GCC_WARN_64_TO_32_BIT_CONVERSION = YES;
				GCC_WARN_ABOUT_RETURN_TYPE = YES_ERROR;
				GCC_WARN_UNDECLARED_SELECTOR = YES;
				GCC_WARN_UNINITIALIZED_AUTOS = YES_AGGRESSIVE;
				GCC_WARN_UNUSED_FUNCTION = YES;
				GCC_WARN_UNUSED_VARIABLE = YES;
				IPHONEOS_DEPLOYMENT_TARGET = 15.5;
				MTL_ENABLE_DEBUG_INFO = INCLUDE_SOURCE;
				MTL_FAST_MATH = YES;
				ONLY_ACTIVE_ARCH = YES;
				SDKROOT = iphoneos;
				SWIFT_ACTIVE_COMPILATION_CONDITIONS = DEBUG;
				SWIFT_OPTIMIZATION_LEVEL = "-Onone";
			};
			name = Debug;
		};
		38DF176E28410363003AF71C /* Release */ = {
			isa = XCBuildConfiguration;
			buildSettings = {
				ALWAYS_SEARCH_USER_PATHS = NO;
				CLANG_ANALYZER_NONNULL = YES;
				CLANG_ANALYZER_NUMBER_OBJECT_CONVERSION = YES_AGGRESSIVE;
				CLANG_CXX_LANGUAGE_STANDARD = "gnu++17";
				CLANG_ENABLE_MODULES = YES;
				CLANG_ENABLE_OBJC_ARC = YES;
				CLANG_ENABLE_OBJC_WEAK = YES;
				CLANG_WARN_BLOCK_CAPTURE_AUTORELEASING = YES;
				CLANG_WARN_BOOL_CONVERSION = YES;
				CLANG_WARN_COMMA = YES;
				CLANG_WARN_CONSTANT_CONVERSION = YES;
				CLANG_WARN_DEPRECATED_OBJC_IMPLEMENTATIONS = YES;
				CLANG_WARN_DIRECT_OBJC_ISA_USAGE = YES_ERROR;
				CLANG_WARN_DOCUMENTATION_COMMENTS = YES;
				CLANG_WARN_EMPTY_BODY = YES;
				CLANG_WARN_ENUM_CONVERSION = YES;
				CLANG_WARN_INFINITE_RECURSION = YES;
				CLANG_WARN_INT_CONVERSION = YES;
				CLANG_WARN_NON_LITERAL_NULL_CONVERSION = YES;
				CLANG_WARN_OBJC_IMPLICIT_RETAIN_SELF = YES;
				CLANG_WARN_OBJC_LITERAL_CONVERSION = YES;
				CLANG_WARN_OBJC_ROOT_CLASS = YES_ERROR;
				CLANG_WARN_QUOTED_INCLUDE_IN_FRAMEWORK_HEADER = YES;
				CLANG_WARN_RANGE_LOOP_ANALYSIS = YES;
				CLANG_WARN_STRICT_PROTOTYPES = YES;
				CLANG_WARN_SUSPICIOUS_MOVE = YES;
				CLANG_WARN_UNGUARDED_AVAILABILITY = YES_AGGRESSIVE;
				CLANG_WARN_UNREACHABLE_CODE = YES;
				CLANG_WARN__DUPLICATE_METHOD_MATCH = YES;
				COPY_PHASE_STRIP = NO;
				DEBUG_INFORMATION_FORMAT = "dwarf-with-dsym";
				ENABLE_NS_ASSERTIONS = NO;
				ENABLE_STRICT_OBJC_MSGSEND = YES;
				GCC_C_LANGUAGE_STANDARD = gnu11;
				GCC_NO_COMMON_BLOCKS = YES;
				GCC_WARN_64_TO_32_BIT_CONVERSION = YES;
				GCC_WARN_ABOUT_RETURN_TYPE = YES_ERROR;
				GCC_WARN_UNDECLARED_SELECTOR = YES;
				GCC_WARN_UNINITIALIZED_AUTOS = YES_AGGRESSIVE;
				GCC_WARN_UNUSED_FUNCTION = YES;
				GCC_WARN_UNUSED_VARIABLE = YES;
				IPHONEOS_DEPLOYMENT_TARGET = 15.5;
				MTL_ENABLE_DEBUG_INFO = NO;
				MTL_FAST_MATH = YES;
				SDKROOT = iphoneos;
				SWIFT_COMPILATION_MODE = wholemodule;
				SWIFT_OPTIMIZATION_LEVEL = "-O";
				VALIDATE_PRODUCT = YES;
			};
			name = Release;
		};
		38DF177028410363003AF71C /* Debug */ = {
			isa = XCBuildConfiguration;
			buildSettings = {
				ASSETCATALOG_COMPILER_APPICON_NAME = AppIcon;
				ASSETCATALOG_COMPILER_GLOBAL_ACCENT_COLOR_NAME = AccentColor;
				CODE_SIGN_STYLE = Automatic;
				CURRENT_PROJECT_VERSION = 1;
				DEVELOPMENT_TEAM = CA9KP7YRD3;
				GENERATE_INFOPLIST_FILE = YES;
				INFOPLIST_FILE = Music/Info.plist;
				INFOPLIST_KEY_UIApplicationSupportsIndirectInputEvents = YES;
				INFOPLIST_KEY_UILaunchStoryboardName = LaunchScreen;
				INFOPLIST_KEY_UISupportedInterfaceOrientations_iPad = "UIInterfaceOrientationPortrait UIInterfaceOrientationPortraitUpsideDown UIInterfaceOrientationLandscapeLeft UIInterfaceOrientationLandscapeRight";
				INFOPLIST_KEY_UISupportedInterfaceOrientations_iPhone = "UIInterfaceOrientationPortrait UIInterfaceOrientationLandscapeLeft UIInterfaceOrientationLandscapeRight";
				LD_RUNPATH_SEARCH_PATHS = (
					"$(inherited)",
					"@executable_path/Frameworks",
				);
				MARKETING_VERSION = 1.0;
				PRODUCT_BUNDLE_IDENTIFIER = Binar.Music;
				PRODUCT_NAME = "$(TARGET_NAME)";
				SWIFT_EMIT_LOC_STRINGS = YES;
				SWIFT_VERSION = 5.0;
				TARGETED_DEVICE_FAMILY = "1,2";
			};
			name = Debug;
		};
		38DF177128410363003AF71C /* Release */ = {
			isa = XCBuildConfiguration;
			buildSettings = {
				ASSETCATALOG_COMPILER_APPICON_NAME = AppIcon;
				ASSETCATALOG_COMPILER_GLOBAL_ACCENT_COLOR_NAME = AccentColor;
				CODE_SIGN_STYLE = Automatic;
				CURRENT_PROJECT_VERSION = 1;
				DEVELOPMENT_TEAM = CA9KP7YRD3;
				GENERATE_INFOPLIST_FILE = YES;
				INFOPLIST_FILE = Music/Info.plist;
				INFOPLIST_KEY_UIApplicationSupportsIndirectInputEvents = YES;
				INFOPLIST_KEY_UILaunchStoryboardName = LaunchScreen;
				INFOPLIST_KEY_UISupportedInterfaceOrientations_iPad = "UIInterfaceOrientationPortrait UIInterfaceOrientationPortraitUpsideDown UIInterfaceOrientationLandscapeLeft UIInterfaceOrientationLandscapeRight";
				INFOPLIST_KEY_UISupportedInterfaceOrientations_iPhone = "UIInterfaceOrientationPortrait UIInterfaceOrientationLandscapeLeft UIInterfaceOrientationLandscapeRight";
				LD_RUNPATH_SEARCH_PATHS = (
					"$(inherited)",
					"@executable_path/Frameworks",
				);
				MARKETING_VERSION = 1.0;
				PRODUCT_BUNDLE_IDENTIFIER = Binar.Music;
				PRODUCT_NAME = "$(TARGET_NAME)";
				SWIFT_EMIT_LOC_STRINGS = YES;
				SWIFT_VERSION = 5.0;
				TARGETED_DEVICE_FAMILY = "1,2";
			};
			name = Release;
		};
/* End XCBuildConfiguration section */

/* Begin XCConfigurationList section */
		38DF175628410362003AF71C /* Build configuration list for PBXProject "Music" */ = {
			isa = XCConfigurationList;
			buildConfigurations = (
				38DF176D28410363003AF71C /* Debug */,
				38DF176E28410363003AF71C /* Release */,
			);
			defaultConfigurationIsVisible = 0;
			defaultConfigurationName = Release;
		};
		38DF176F28410363003AF71C /* Build configuration list for PBXNativeTarget "Music" */ = {
			isa = XCConfigurationList;
			buildConfigurations = (
				38DF177028410363003AF71C /* Debug */,
				38DF177128410363003AF71C /* Release */,
			);
			defaultConfigurationIsVisible = 0;
			defaultConfigurationName = Release;
		};
/* End XCConfigurationList section */

/* Begin XCRemoteSwiftPackageReference section */
		38DF1791284192DA003AF71C /* XCRemoteSwiftPackageReference "Kingfisher" */ = {
			isa = XCRemoteSwiftPackageReference;
			repositoryURL = "https://github.com/onevcat/Kingfisher.git";
			requirement = {
				kind = upToNextMajorVersion;
				minimumVersion = 7.0.0;
			};
		};
/* End XCRemoteSwiftPackageReference section */

/* Begin XCSwiftPackageProductDependency section */
		38DF1792284192DA003AF71C /* Kingfisher */ = {
			isa = XCSwiftPackageProductDependency;
			package = 38DF1791284192DA003AF71C /* XCRemoteSwiftPackageReference "Kingfisher" */;
			productName = Kingfisher;
		};
/* End XCSwiftPackageProductDependency section */
	};
	rootObject = 38DF175328410362003AF71C /* Project object */;
}
